dependencies:
  espressif/onewire_bus:
    component_hash: dcce4fb1c2fc43c3d02de1cc9abdf062127468a785578723696de3817c526f99
    dependencies:
    - name: idf
      require: private
      version: '>=5.0'
    source:
      registry_url: https://components.espressif.com/
      type: service
    version: 1.1.2
  idf:
    source:
      type: idf
    version: 6.1.0
  joltwallet/littlefs:
    component_hash: 3af20a3d75c49db9dc2286fd50862c34055c9f578419ad1f2bf7ed3ed01391fe
    dependencies:
    - name: idf
      require: private
      version: '>=5.0'
    source:
      registry_url: https://components.espressif.com/
      type: service
    version: 1.22.3
  m5stack/m5gfx:
    component_hash: ebd725c94610759ccfc1227f60a395932f591e17b95bebec80164d853535c8c5
    dependencies: []
    source:
      registry_url: https://components.espressif.com
      type: service
    version: 0.2.32
  m5stack/m5unified:
    component_hash: bb9ff4b92043883ee4a553425de0ef6382ebc217bf8439eadf8266d0b0023dd4
    dependencies:
    - name: m5stack/m5gfx
      registry_url: https://components.espressif.com
      require: private
      version: '>=0.2.31'
    source:
      registry_url: https://components.espressif.com/
      type: service
    version: 0.2.25
direct_dependencies:
- espressif/onewire_bus
- idf
- joltwallet/littlefs
- m5stack/m5unified
manifest_hash: 06be632408ffe8ef0720f7280da44343d9dd1bd9be3f2e7b809c8fb521f71da4
target: esp32
version: 3.0.0
